// !$*UTF8*$!
{
	archiveVersion = 1;
	classes = {
	};
	objectVersion = 55;
	objects = {

/* Begin PBXBuildFile section */
		1529D00D271B45AD0080DE70 /* LocationManager.swift in Sources */ = {isa = PBXBuildFile; fileRef = 1529D00C271B45AD0080DE70 /* LocationManager.swift */; };
		1529D00F271B45CB0080DE70 /* NetworkService.swift in Sources */ = {isa = PBXBuildFile; fileRef = 1529D00E271B45CB0080DE70 /* NetworkService.swift */; };
		1529D013271B4F470080DE70 /* Agent.swift in Sources */ = {isa = PBXBuildFile; fileRef = 1529D012271B4F470080DE70 /* Agent.swift */; };
		1529D015271B509E0080DE70 /* Constants.swift in Sources */ = {isa = PBXBuildFile; fileRef = 1529D014271B509E0080DE70 /* Constants.swift */; };
		1529D017271B55BF0080DE70 /* VenuesViewModel.swift in Sources */ = {isa = PBXBuildFile; fileRef = 1529D016271B55BF0080DE70 /* VenuesViewModel.swift */; };
		1529D01A271CA2420080DE70 /* Venue.swift in Sources */ = {isa = PBXBuildFile; fileRef = 1529D019271CA2420080DE70 /* Venue.swift */; };
		1529D01C271CA26A0080DE70 /* Venues.swift in Sources */ = {isa = PBXBuildFile; fileRef = 1529D01B271CA26A0080DE70 /* Venues.swift */; };
		1529D01F271CA8EC0080DE70 /* Coordinate.swift in Sources */ = {isa = PBXBuildFile; fileRef = 1529D01E271CA8EC0080DE70 /* Coordinate.swift */; };
		1529D021271CCD320080DE70 /* VenuesService.swift in Sources */ = {isa = PBXBuildFile; fileRef = 1529D020271CCD320080DE70 /* VenuesService.swift */; };
		15DAA4EE271B38B000EB5B80 /* AppDelegate.swift in Sources */ = {isa = PBXBuildFile; fileRef = 15DAA4ED271B38B000EB5B80 /* AppDelegate.swift */; };
		15DAA4F0271B38B000EB5B80 /* SceneDelegate.swift in Sources */ = {isa = PBXBuildFile; fileRef = 15DAA4EF271B38B000EB5B80 /* SceneDelegate.swift */; };
		15DAA4F2271B38B000EB5B80 /* VenuesViewController.swift in Sources */ = {isa = PBXBuildFile; fileRef = 15DAA4F1271B38B000EB5B80 /* VenuesViewController.swift */; };
		15DAA4F7271B38B100EB5B80 /* Assets.xcassets in Resources */ = {isa = PBXBuildFile; fileRef = 15DAA4F6271B38B100EB5B80 /* Assets.xcassets */; };
		15DAA4FA271B38B100EB5B80 /* LaunchScreen.storyboard in Resources */ = {isa = PBXBuildFile; fileRef = 15DAA4F8271B38B100EB5B80 /* LaunchScreen.storyboard */; };
/* End PBXBuildFile section */

/* Begin PBXFileReference section */
		1529D00C271B45AD0080DE70 /* LocationManager.swift */ = {isa = PBXFileReference; lastKnownFileType = sourcecode.swift; path = LocationManager.swift; sourceTree = "<group>"; };
		1529D00E271B45CB0080DE70 /* NetworkService.swift */ = {isa = PBXFileReference; lastKnownFileType = sourcecode.swift; path = NetworkService.swift; sourceTree = "<group>"; };
		1529D012271B4F470080DE70 /* Agent.swift */ = {isa = PBXFileReference; lastKnownFileType = sourcecode.swift; path = Agent.swift; sourceTree = "<group>"; };
		1529D014271B509E0080DE70 /* Constants.swift */ = {isa = PBXFileReference; lastKnownFileType = sourcecode.swift; path = Constants.swift; sourceTree = "<group>"; };
		1529D016271B55BF0080DE70 /* VenuesViewModel.swift */ = {isa = PBXFileReference; lastKnownFileType = sourcecode.swift; path = VenuesViewModel.swift; sourceTree = "<group>"; };
		1529D019271CA2420080DE70 /* Venue.swift */ = {isa = PBXFileReference; lastKnownFileType = sourcecode.swift; path = Venue.swift; sourceTree = "<group>"; };
		1529D01B271CA26A0080DE70 /* Venues.swift */ = {isa = PBXFileReference; lastKnownFileType = sourcecode.swift; path = Venues.swift; sourceTree = "<group>"; };
		1529D01E271CA8EC0080DE70 /* Coordinate.swift */ = {isa = PBXFileReference; lastKnownFileType = sourcecode.swift; path = Coordinate.swift; sourceTree = "<group>"; };
		1529D020271CCD320080DE70 /* VenuesService.swift */ = {isa = PBXFileReference; lastKnownFileType = sourcecode.swift; path = VenuesService.swift; sourceTree = "<group>"; };
		15DAA4EA271B38B000EB5B80 /* Hungrity.app */ = {isa = PBXFileReference; explicitFileType = wrapper.application; includeInIndex = 0; path = Hungrity.app; sourceTree = BUILT_PRODUCTS_DIR; };
		15DAA4ED271B38B000EB5B80 /* AppDelegate.swift */ = {isa = PBXFileReference; lastKnownFileType = sourcecode.swift; path = AppDelegate.swift; sourceTree = "<group>"; };
		15DAA4EF271B38B000EB5B80 /* SceneDelegate.swift */ = {isa = PBXFileReference; lastKnownFileType = sourcecode.swift; path = SceneDelegate.swift; sourceTree = "<group>"; };
		15DAA4F1271B38B000EB5B80 /* VenuesViewController.swift */ = {isa = PBXFileReference; lastKnownFileType = sourcecode.swift; path = VenuesViewController.swift; sourceTree = "<group>"; };
		15DAA4F6271B38B100EB5B80 /* Assets.xcassets */ = {isa = PBXFileReference; lastKnownFileType = folder.assetcatalog; path = Assets.xcassets; sourceTree = "<group>"; };
		15DAA4F9271B38B100EB5B80 /* Base */ = {isa = PBXFileReference; lastKnownFileType = file.storyboard; name = Base; path = Base.lproj/LaunchScreen.storyboard; sourceTree = "<group>"; };
		15DAA4FB271B38B100EB5B80 /* Info.plist */ = {isa = PBXFileReference; lastKnownFileType = text.plist.xml; path = Info.plist; sourceTree = "<group>"; };
/* End PBXFileReference section */

/* Begin PBXFrameworksBuildPhase section */
		15DAA4E7271B38B000EB5B80 /* Frameworks */ = {
			isa = PBXFrameworksBuildPhase;
			buildActionMask = 2147483647;
			files = (
			);
			runOnlyForDeploymentPostprocessing = 0;
		};
/* End PBXFrameworksBuildPhase section */

/* Begin PBXGroup section */
		1529D010271B45DC0080DE70 /* Utils */ = {
			isa = PBXGroup;
			children = (
				1529D012271B4F470080DE70 /* Agent.swift */,
				1529D014271B509E0080DE70 /* Constants.swift */,
			);
			path = Utils;
			sourceTree = "<group>";
		};
		1529D011271B45E90080DE70 /* Resources */ = {
			isa = PBXGroup;
			children = (
				15DAA4F6271B38B100EB5B80 /* Assets.xcassets */,
			);
			path = Resources;
			sourceTree = "<group>";
		};
		1529D018271CA2100080DE70 /* Common */ = {
			isa = PBXGroup;
			children = (
				1529D01D271CA4990080DE70 /* Models */,
			);
			path = Common;
			sourceTree = "<group>";
		};
		1529D01D271CA4990080DE70 /* Models */ = {
			isa = PBXGroup;
			children = (
				1529D019271CA2420080DE70 /* Venue.swift */,
				1529D01B271CA26A0080DE70 /* Venues.swift */,
				1529D01E271CA8EC0080DE70 /* Coordinate.swift */,
			);
			path = Models;
			sourceTree = "<group>";
		};
		155774A7271B3C5C0000438F /* ViewModels */ = {
			isa = PBXGroup;
			children = (
				1529D016271B55BF0080DE70 /* VenuesViewModel.swift */,
			);
			path = ViewModels;
			sourceTree = "<group>";
		};
		155774A8271B3C680000438F /* Views */ = {
			isa = PBXGroup;
			children = (
			);
			path = Views;
			sourceTree = "<group>";
		};
		15DAA4E1271B38B000EB5B80 = {
			isa = PBXGroup;
			children = (
				15DAA4EC271B38B000EB5B80 /* Hungrity */,
				15DAA4EB271B38B000EB5B80 /* Products */,
			);
			sourceTree = "<group>";
		};
		15DAA4EB271B38B000EB5B80 /* Products */ = {
			isa = PBXGroup;
			children = (
				15DAA4EA271B38B000EB5B80 /* Hungrity.app */,
			);
			name = Products;
			sourceTree = "<group>";
		};
		15DAA4EC271B38B000EB5B80 /* Hungrity */ = {
			isa = PBXGroup;
			children = (
				1529D018271CA2100080DE70 /* Common */,
				1529D010271B45DC0080DE70 /* Utils */,
				15DAA503271B3BE100EB5B80 /* Services */,
				15DAA502271B3A6500EB5B80 /* Modules */,
				15DAA501271B3A3200EB5B80 /* Supporting Files */,
				1529D011271B45E90080DE70 /* Resources */,
				15DAA4FB271B38B100EB5B80 /* Info.plist */,
			);
			path = Hungrity;
			sourceTree = "<group>";
		};
		15DAA501271B3A3200EB5B80 /* Supporting Files */ = {
			isa = PBXGroup;
			children = (
				15DAA4F8271B38B100EB5B80 /* LaunchScreen.storyboard */,
				15DAA4ED271B38B000EB5B80 /* AppDelegate.swift */,
				15DAA4EF271B38B000EB5B80 /* SceneDelegate.swift */,
			);
			path = "Supporting Files";
			sourceTree = "<group>";
		};
		15DAA502271B3A6500EB5B80 /* Modules */ = {
			isa = PBXGroup;
			children = (
				15DAA504271B3C2C00EB5B80 /* Venues */,
			);
			path = Modules;
			sourceTree = "<group>";
		};
		15DAA503271B3BE100EB5B80 /* Services */ = {
			isa = PBXGroup;
			children = (
				1529D00C271B45AD0080DE70 /* LocationManager.swift */,
				1529D00E271B45CB0080DE70 /* NetworkService.swift */,
				1529D020271CCD320080DE70 /* VenuesService.swift */,
			);
			path = Services;
			sourceTree = "<group>";
		};
		15DAA504271B3C2C00EB5B80 /* Venues */ = {
			isa = PBXGroup;
			children = (
				155774A8271B3C680000438F /* Views */,
				155774A7271B3C5C0000438F /* ViewModels */,
				15DAA4F1271B38B000EB5B80 /* VenuesViewController.swift */,
			);
			path = Venues;
			sourceTree = "<group>";
		};
/* End PBXGroup section */

/* Begin PBXNativeTarget section */
		15DAA4E9271B38B000EB5B80 /* Hungrity */ = {
			isa = PBXNativeTarget;
			buildConfigurationList = 15DAA4FE271B38B100EB5B80 /* Build configuration list for PBXNativeTarget "Hungrity" */;
			buildPhases = (
				15DAA4E6271B38B000EB5B80 /* Sources */,
				15DAA4E7271B38B000EB5B80 /* Frameworks */,
				15DAA4E8271B38B000EB5B80 /* Resources */,
			);
			buildRules = (
			);
			dependencies = (
			);
			name = Hungrity;
			productName = Hungrity;
			productReference = 15DAA4EA271B38B000EB5B80 /* Hungrity.app */;
			productType = "com.apple.product-type.application";
		};
/* End PBXNativeTarget section */

/* Begin PBXProject section */
		15DAA4E2271B38B000EB5B80 /* Project object */ = {
			isa = PBXProject;
			attributes = {
				BuildIndependentTargetsInParallel = 1;
				LastSwiftUpdateCheck = 1300;
				LastUpgradeCheck = 1300;
				TargetAttributes = {
					15DAA4E9271B38B000EB5B80 = {
						CreatedOnToolsVersion = 13.0;
					};
				};
			};
			buildConfigurationList = 15DAA4E5271B38B000EB5B80 /* Build configuration list for PBXProject "Hungrity" */;
			compatibilityVersion = "Xcode 13.0";
			developmentRegion = en;
			hasScannedForEncodings = 0;
			knownRegions = (
				en,
				Base,
			);
			mainGroup = 15DAA4E1271B38B000EB5B80;
			productRefGroup = 15DAA4EB271B38B000EB5B80 /* Products */;
			projectDirPath = "";
			projectRoot = "";
			targets = (
				15DAA4E9271B38B000EB5B80 /* Hungrity */,
			);
		};
/* End PBXProject section */

/* Begin PBXResourcesBuildPhase section */
		15DAA4E8271B38B000EB5B80 /* Resources */ = {
			isa = PBXResourcesBuildPhase;
			buildActionMask = 2147483647;
			files = (
				15DAA4FA271B38B100EB5B80 /* LaunchScreen.storyboard in Resources */,
				15DAA4F7271B38B100EB5B80 /* Assets.xcassets in Resources */,
			);
			runOnlyForDeploymentPostprocessing = 0;
		};
/* End PBXResourcesBuildPhase section */

/* Begin PBXSourcesBuildPhase section */
		15DAA4E6271B38B000EB5B80 /* Sources */ = {
			isa = PBXSourcesBuildPhase;
			buildActionMask = 2147483647;
			files = (
				1529D00F271B45CB0080DE70 /* NetworkService.swift in Sources */,
				1529D00D271B45AD0080DE70 /* LocationManager.swift in Sources */,
				1529D017271B55BF0080DE70 /* VenuesViewModel.swift in Sources */,
				1529D01C271CA26A0080DE70 /* Venues.swift in Sources */,
				1529D01A271CA2420080DE70 /* Venue.swift in Sources */,
				1529D01F271CA8EC0080DE70 /* Coordinate.swift in Sources */,
				15DAA4F2271B38B000EB5B80 /* VenuesViewController.swift in Sources */,
				1529D013271B4F470080DE70 /* Agent.swift in Sources */,
				1529D015271B509E0080DE70 /* Constants.swift in Sources */,
				1529D021271CCD320080DE70 /* VenuesService.swift in Sources */,
				15DAA4EE271B38B000EB5B80 /* AppDelegate.swift in Sources */,
				15DAA4F0271B38B000EB5B80 /* SceneDelegate.swift in Sources */,
			);
			runOnlyForDeploymentPostprocessing = 0;
		};
/* End PBXSourcesBuildPhase section */

/* Begin PBXVariantGroup section */
		15DAA4F8271B38B100EB5B80 /* LaunchScreen.storyboard */ = {
			isa = PBXVariantGroup;
			children = (
				15DAA4F9271B38B100EB5B80 /* Base */,
			);
			name = LaunchScreen.storyboard;
			sourceTree = "<group>";
		};
/* End PBXVariantGroup section */

/* Begin XCBuildConfiguration section */
		15DAA4FC271B38B100EB5B80 /* Debug */ = {
			isa = XCBuildConfiguration;
			buildSettings = {
				ALWAYS_SEARCH_USER_PATHS = NO;
				CLANG_ANALYZER_NONNULL = YES;
				CLANG_ANALYZER_NUMBER_OBJECT_CONVERSION = YES_AGGRESSIVE;
				CLANG_CXX_LANGUAGE_STANDARD = "gnu++17";
				CLANG_CXX_LIBRARY = "libc++";
				CLANG_ENABLE_MODULES = YES;
				CLANG_ENABLE_OBJC_ARC = YES;
				CLANG_ENABLE_OBJC_WEAK = YES;
				CLANG_WARN_BLOCK_CAPTURE_AUTORELEASING = YES;
				CLANG_WARN_BOOL_CONVERSION = YES;
				CLANG_WARN_COMMA = YES;
				CLANG_WARN_CONSTANT_CONVERSION = YES;
				CLANG_WARN_DEPRECATED_OBJC_IMPLEMENTATIONS = YES;
				CLANG_WARN_DIRECT_OBJC_ISA_USAGE = YES_ERROR;
				CLANG_WARN_DOCUMENTATION_COMMENTS = YES;
				CLANG_WARN_EMPTY_BODY = YES;
				CLANG_WARN_ENUM_CONVERSION = YES;
				CLANG_WARN_INFINITE_RECURSION = YES;
				CLANG_WARN_INT_CONVERSION = YES;
				CLANG_WARN_NON_LITERAL_NULL_CONVERSION = YES;
				CLANG_WARN_OBJC_IMPLICIT_RETAIN_SELF = YES;
				CLANG_WARN_OBJC_LITERAL_CONVERSION = YES;
				CLANG_WARN_OBJC_ROOT_CLASS = YES_ERROR;
				CLANG_WARN_QUOTED_INCLUDE_IN_FRAMEWORK_HEADER = YES;
				CLANG_WARN_RANGE_LOOP_ANALYSIS = YES;
				CLANG_WARN_STRICT_PROTOTYPES = YES;
				CLANG_WARN_SUSPICIOUS_MOVE = YES;
				CLANG_WARN_UNGUARDED_AVAILABILITY = YES_AGGRESSIVE;
				CLANG_WARN_UNREACHABLE_CODE = YES;
				CLANG_WARN__DUPLICATE_METHOD_MATCH = YES;
				COPY_PHASE_STRIP = NO;
				DEBUG_INFORMATION_FORMAT = dwarf;
				ENABLE_STRICT_OBJC_MSGSEND = YES;
				ENABLE_TESTABILITY = YES;
				GCC_C_LANGUAGE_STANDARD = gnu11;
				GCC_DYNAMIC_NO_PIC = NO;
				GCC_NO_COMMON_BLOCKS = YES;
				GCC_OPTIMIZATION_LEVEL = 0;
				GCC_PREPROCESSOR_DEFINITIONS = (
					"DEBUG=1",
					"$(inherited)",
				);
				GCC_WARN_64_TO_32_BIT_CONVERSION = YES;
				GCC_WARN_ABOUT_RETURN_TYPE = YES_ERROR;
				GCC_WARN_UNDECLARED_SELECTOR = YES;
				GCC_WARN_UNINITIALIZED_AUTOS = YES_AGGRESSIVE;
				GCC_WARN_UNUSED_FUNCTION = YES;
				GCC_WARN_UNUSED_VARIABLE = YES;
				IPHONEOS_DEPLOYMENT_TARGET = 15.0;
				MTL_ENABLE_DEBUG_INFO = INCLUDE_SOURCE;
				MTL_FAST_MATH = YES;
				ONLY_ACTIVE_ARCH = YES;
				SDKROOT = iphoneos;
				SWIFT_ACTIVE_COMPILATION_CONDITIONS = DEBUG;
				SWIFT_OPTIMIZATION_LEVEL = "-Onone";
			};
			name = Debug;
		};
		15DAA4FD271B38B100EB5B80 /* Release */ = {
			isa = XCBuildConfiguration;
			buildSettings = {
				ALWAYS_SEARCH_USER_PATHS = NO;
				CLANG_ANALYZER_NONNULL = YES;
				CLANG_ANALYZER_NUMBER_OBJECT_CONVERSION = YES_AGGRESSIVE;
				CLANG_CXX_LANGUAGE_STANDARD = "gnu++17";
				CLANG_CXX_LIBRARY = "libc++";
				CLANG_ENABLE_MODULES = YES;
				CLANG_ENABLE_OBJC_ARC = YES;
				CLANG_ENABLE_OBJC_WEAK = YES;
				CLANG_WARN_BLOCK_CAPTURE_AUTORELEASING = YES;
				CLANG_WARN_BOOL_CONVERSION = YES;
				CLANG_WARN_COMMA = YES;
				CLANG_WARN_CONSTANT_CONVERSION = YES;
				CLANG_WARN_DEPRECATED_OBJC_IMPLEMENTATIONS = YES;
				CLANG_WARN_DIRECT_OBJC_ISA_USAGE = YES_ERROR;
				CLANG_WARN_DOCUMENTATION_COMMENTS = YES;
				CLANG_WARN_EMPTY_BODY = YES;
				CLANG_WARN_ENUM_CONVERSION = YES;
				CLANG_WARN_INFINITE_RECURSION = YES;
				CLANG_WARN_INT_CONVERSION = YES;
				CLANG_WARN_NON_LITERAL_NULL_CONVERSION = YES;
				CLANG_WARN_OBJC_IMPLICIT_RETAIN_SELF = YES;
				CLANG_WARN_OBJC_LITERAL_CONVERSION = YES;
				CLANG_WARN_OBJC_ROOT_CLASS = YES_ERROR;
				CLANG_WARN_QUOTED_INCLUDE_IN_FRAMEWORK_HEADER = YES;
				CLANG_WARN_RANGE_LOOP_ANALYSIS = YES;
				CLANG_WARN_STRICT_PROTOTYPES = YES;
				CLANG_WARN_SUSPICIOUS_MOVE = YES;
				CLANG_WARN_UNGUARDED_AVAILABILITY = YES_AGGRESSIVE;
				CLANG_WARN_UNREACHABLE_CODE = YES;
				CLANG_WARN__DUPLICATE_METHOD_MATCH = YES;
				COPY_PHASE_STRIP = NO;
				DEBUG_INFORMATION_FORMAT = "dwarf-with-dsym";
				ENABLE_NS_ASSERTIONS = NO;
				ENABLE_STRICT_OBJC_MSGSEND = YES;
				GCC_C_LANGUAGE_STANDARD = gnu11;
				GCC_NO_COMMON_BLOCKS = YES;
				GCC_WARN_64_TO_32_BIT_CONVERSION = YES;
				GCC_WARN_ABOUT_RETURN_TYPE = YES_ERROR;
				GCC_WARN_UNDECLARED_SELECTOR = YES;
				GCC_WARN_UNINITIALIZED_AUTOS = YES_AGGRESSIVE;
				GCC_WARN_UNUSED_FUNCTION = YES;
				GCC_WARN_UNUSED_VARIABLE = YES;
				IPHONEOS_DEPLOYMENT_TARGET = 15.0;
				MTL_ENABLE_DEBUG_INFO = NO;
				MTL_FAST_MATH = YES;
				SDKROOT = iphoneos;
				SWIFT_COMPILATION_MODE = wholemodule;
				SWIFT_OPTIMIZATION_LEVEL = "-O";
				VALIDATE_PRODUCT = YES;
			};
			name = Release;
		};
		15DAA4FF271B38B100EB5B80 /* Debug */ = {
			isa = XCBuildConfiguration;
			buildSettings = {
				ASSETCATALOG_COMPILER_APPICON_NAME = AppIcon;
				ASSETCATALOG_COMPILER_GLOBAL_ACCENT_COLOR_NAME = AccentColor;
				CODE_SIGN_STYLE = Automatic;
				CURRENT_PROJECT_VERSION = 1;
				DEVELOPMENT_TEAM = P353H6D448;
				GENERATE_INFOPLIST_FILE = YES;
				INFOPLIST_FILE = Hungrity/Info.plist;
				INFOPLIST_KEY_UIApplicationSupportsIndirectInputEvents = YES;
				INFOPLIST_KEY_UILaunchStoryboardName = LaunchScreen;
				INFOPLIST_KEY_UISupportedInterfaceOrientations = UIInterfaceOrientationPortrait;
				INFOPLIST_KEY_UISupportedInterfaceOrientations_iPad = "UIInterfaceOrientationPortrait UIInterfaceOrientationPortraitUpsideDown UIInterfaceOrientationLandscapeLeft UIInterfaceOrientationLandscapeRight";
				INFOPLIST_KEY_UISupportedInterfaceOrientations_iPhone = "UIInterfaceOrientationPortrait UIInterfaceOrientationLandscapeLeft UIInterfaceOrientationLandscapeRight";
				LD_RUNPATH_SEARCH_PATHS = (
					"$(inherited)",
					"@executable_path/Frameworks",
				);
				MARKETING_VERSION = 1.0;
				PRODUCT_BUNDLE_IDENTIFIER = maxkalik.com.Hungrity;
				PRODUCT_NAME = "$(TARGET_NAME)";
				SWIFT_EMIT_LOC_STRINGS = YES;
				SWIFT_VERSION = 5.0;
				TARGETED_DEVICE_FAMILY = "1,2";
			};
			name = Debug;
		};
		15DAA500271B38B100EB5B80 /* Release */ = {
			isa = XCBuildConfiguration;
			buildSettings = {
				ASSETCATALOG_COMPILER_APPICON_NAME = AppIcon;
				ASSETCATALOG_COMPILER_GLOBAL_ACCENT_COLOR_NAME = AccentColor;
				CODE_SIGN_STYLE = Automatic;
				CURRENT_PROJECT_VERSION = 1;
				DEVELOPMENT_TEAM = P353H6D448;
				GENERATE_INFOPLIST_FILE = YES;
				INFOPLIST_FILE = Hungrity/Info.plist;
				INFOPLIST_KEY_UIApplicationSupportsIndirectInputEvents = YES;
				INFOPLIST_KEY_UILaunchStoryboardName = LaunchScreen;
				INFOPLIST_KEY_UISupportedInterfaceOrientations = UIInterfaceOrientationPortrait;
				INFOPLIST_KEY_UISupportedInterfaceOrientations_iPad = "UIInterfaceOrientationPortrait UIInterfaceOrientationPortraitUpsideDown UIInterfaceOrientationLandscapeLeft UIInterfaceOrientationLandscapeRight";
				INFOPLIST_KEY_UISupportedInterfaceOrientations_iPhone = "UIInterfaceOrientationPortrait UIInterfaceOrientationLandscapeLeft UIInterfaceOrientationLandscapeRight";
				LD_RUNPATH_SEARCH_PATHS = (
					"$(inherited)",
					"@executable_path/Frameworks",
				);
				MARKETING_VERSION = 1.0;
				PRODUCT_BUNDLE_IDENTIFIER = maxkalik.com.Hungrity;
				PRODUCT_NAME = "$(TARGET_NAME)";
				SWIFT_EMIT_LOC_STRINGS = YES;
				SWIFT_VERSION = 5.0;
				TARGETED_DEVICE_FAMILY = "1,2";
			};
			name = Release;
		};
/* End XCBuildConfiguration section */

/* Begin XCConfigurationList section */
		15DAA4E5271B38B000EB5B80 /* Build configuration list for PBXProject "Hungrity" */ = {
			isa = XCConfigurationList;
			buildConfigurations = (
				15DAA4FC271B38B100EB5B80 /* Debug */,
				15DAA4FD271B38B100EB5B80 /* Release */,
			);
			defaultConfigurationIsVisible = 0;
			defaultConfigurationName = Release;
		};
		15DAA4FE271B38B100EB5B80 /* Build configuration list for PBXNativeTarget "Hungrity" */ = {
			isa = XCConfigurationList;
			buildConfigurations = (
				15DAA4FF271B38B100EB5B80 /* Debug */,
				15DAA500271B38B100EB5B80 /* Release */,
			);
			defaultConfigurationIsVisible = 0;
			defaultConfigurationName = Release;
		};
/* End XCConfigurationList section */
	};
	rootObject = 15DAA4E2271B38B000EB5B80 /* Project object */;
}
